
Microsoft Visual Studio Solution File, Format Version 12.00
# Visual Studio Version 16
VisualStudioVersion = 16.0.29230.47
MinimumVisualStudioVersion = 10.0.40219.1
Project("{FAE04EC0-301F-11D3-BF4B-00C04F79EFBC}") = "LispIsEasy", "LispIsEasy\LispIsEasy.csproj", "{B7C0D560-2E97-4932-8591-F2DB20D71761}"
EndProject
Global
	GlobalSection(SolutionConfigurationPlatforms) = preSolution
		Debug|Any CPU = Debug|Any CPU
		Release|Any CPU = Release|Any CPU
	EndGlobalSection
	GlobalSection(ProjectConfigurationPlatforms) = postSolution
		{B7C0D560-2E97-4932-8591-F2DB20D71761}.Debug|Any CPU.ActiveCfg = Debug|Any CPU
		{B7C0D560-2E97-4932-8591-F2DB20D71761}.Debug|Any CPU.Build.0 = Debug|Any CPU
		{B7C0D560-2E97-4932-8591-F2DB20D71761}.Release|Any CPU.ActiveCfg = Release|Any CPU
		{B7C0D560-2E97-4932-8591-F2DB20D71761}.Release|Any CPU.Build.0 = Release|Any CPU
	EndGlobalSection
	GlobalSection(SolutionProperties) = preSolution
		HideSolutionNode = FALSE
	EndGlobalSection
	GlobalSection(ExtensibilityGlobals) = postSolution
		SolutionGuid = {BBFE3235-412F-4612-8C9D-B76C28C1748E}
	EndGlobalSection
EndGlobal
